{
  "name": "worker",
  "version": "1.0.0",
  "lockfileVersion": 3,
  "requires": true,
  "packages": {
    "": {
      "name": "worker",
      "version": "1.0.0",
      "license": "ISC",
      "dependencies": {
        "hyparquet": "^1.24.1"
      }
    },
    "node_modules/hyparquet": {
      "version": "1.24.1",
      "resolved": "https://registry.npmjs.org/hyparquet/-/hyparquet-1.24.1.tgz",
      "integrity": "sha512-t8mZwSrV7BFhJ0HuXK2dARkPIGqTMfIYmNa2ZhbTIwH/OLFwfNQmXGz1TzCSuX+Nu46KVgmHplc14COq/sMcfA==",
      "license": "MIT"
    }
  }
}
